
Microsoft Visual Studio Solution File, Format Version 12.00
# Visual Studio Version 17
VisualStudioVersion = 17.5.33502.453
MinimumVisualStudioVersion = 10.0.40219.1
Project("{888888A0-9F3D-457C-B088-3A5042F75D52}") = "Simple_Gradebook", "Simple_Gradebook\Simple_Gradebook.pyproj", "{366530F4-C9F3-45D0-95B1-2190678BD4B7}"
EndProject
Global
	GlobalSection(SolutionConfigurationPlatforms) = preSolution
		Debug|Any CPU = Debug|Any CPU
		Release|Any CPU = Release|Any CPU
	EndGlobalSection
	GlobalSection(ProjectConfigurationPlatforms) = postSolution
		{366530F4-C9F3-45D0-95B1-2190678BD4B7}.Debug|Any CPU.ActiveCfg = Debug|Any CPU
		{366530F4-C9F3-45D0-95B1-2190678BD4B7}.Release|Any CPU.ActiveCfg = Release|Any CPU
	EndGlobalSection
	GlobalSection(SolutionProperties) = preSolution
		HideSolutionNode = FALSE
	EndGlobalSection
	GlobalSection(ExtensibilityGlobals) = postSolution
		SolutionGuid = {EE642E65-C68F-4FE9-A3C7-9B4E184164A0}
	EndGlobalSection
EndGlobal
